
Microsoft Visual Studio Solution File, Format Version 12.00
# Visual Studio Version 16
VisualStudioVersion = 16.0.30804.86
MinimumVisualStudioVersion = 10.0.40219.1
Project("{FAE04EC0-301F-11D3-BF4B-00C04F79EFBC}") = "PcPartsInventory", "PcPartsInventory\PcPartsInventory.csproj", "{D0BF2537-AD6A-41E4-8389-774B22CB04CF}"
EndProject
Global
	GlobalSection(SolutionConfigurationPlatforms) = preSolution
		Debug|Any CPU = Debug|Any CPU
		Release|Any CPU = Release|Any CPU
	EndGlobalSection
	GlobalSection(ProjectConfigurationPlatforms) = postSolution
		{D0BF2537-AD6A-41E4-8389-774B22CB04CF}.Debug|Any CPU.ActiveCfg = Debug|Any CPU
		{D0BF2537-AD6A-41E4-8389-774B22CB04CF}.Debug|Any CPU.Build.0 = Debug|Any CPU
		{D0BF2537-AD6A-41E4-8389-774B22CB04CF}.Release|Any CPU.ActiveCfg = Release|Any CPU
		{D0BF2537-AD6A-41E4-8389-774B22CB04CF}.Release|Any CPU.Build.0 = Release|Any CPU
	EndGlobalSection
	GlobalSection(SolutionProperties) = preSolution
		HideSolutionNode = FALSE
	EndGlobalSection
	GlobalSection(ExtensibilityGlobals) = postSolution
		SolutionGuid = {E65C854C-553E-4CB4-9568-3490A2D7654D}
	EndGlobalSection
EndGlobal
